# This file is autogenerated, do not edit; changes may be undone by the next 'dep ensure'.


[[projects]]
  name = "github.com/Songmu/prompter"
  packages = ["."]
  revision = "b5721e8d556682bcef33262731d98a39dee14dc4"
  version = "0.1.0"

[[projects]]
  branch = "master"
  name = "github.com/kurrik/oauth1a"
  packages = ["."]
  revision = "cb1b80e32dd4385099f8d09312e4bcf6bdc993ec"

[[projects]]
  branch = "master"
  name = "github.com/kurrik/twittergo"
  packages = ["."]
  revision = "03842ffa4d870fed145b50fd378fd34e87ceca20"

[[projects]]
  name = "github.com/mattn/go-isatty"
  packages = ["."]
  revision = "0360b2af4f38e8d38c7fce2a9f4e702702d73a39"
  version = "v0.0.3"

[[projects]]
  branch = "master"
  name = "golang.org/x/crypto"
  packages = ["ssh/terminal"]
  revision = "b2aa35443fbc700ab74c586ae79b81c171851023"

[[projects]]
  branch = "master"
  name = "golang.org/x/sys"
  packages = ["unix","windows"]
  revision = "378d26f46672a356c46195c28f61bdb4c0a781dd"

[solve-meta]
  analyzer-name = "dep"
  analyzer-version = 1
  inputs-digest = "fc82365dfc6f68f894dedc950f1bc5f6ca66bf3217f0955797d1c358d57fab79"
  solver-name = "gps-cdcl"
  solver-version = 1
